
Microsoft Visual Studio Solution File, Format Version 12.00
# Visual Studio Version 16
VisualStudioVersion = 16.0.34301.259
MinimumVisualStudioVersion = 10.0.40219.1
Project("{FAE04EC0-301F-11D3-BF4B-00C04F79EFBC}") = "backdoor", "backdoor.csproj", "{FC92AC57-BC62-4FF0-A3A7-3DE18BE754BA}"
EndProject
Global
	GlobalSection(SolutionConfigurationPlatforms) = preSolution
		Debug|Any CPU = Debug|Any CPU
		Release|Any CPU = Release|Any CPU
	EndGlobalSection
	GlobalSection(ProjectConfigurationPlatforms) = postSolution
		{FC92AC57-BC62-4FF0-A3A7-3DE18BE754BA}.Debug|Any CPU.ActiveCfg = Debug|Any CPU
		{FC92AC57-BC62-4FF0-A3A7-3DE18BE754BA}.Debug|Any CPU.Build.0 = Debug|Any CPU
		{FC92AC57-BC62-4FF0-A3A7-3DE18BE754BA}.Release|Any CPU.ActiveCfg = Release|Any CPU
		{FC92AC57-BC62-4FF0-A3A7-3DE18BE754BA}.Release|Any CPU.Build.0 = Release|Any CPU
	EndGlobalSection
	GlobalSection(SolutionProperties) = preSolution
		HideSolutionNode = FALSE
	EndGlobalSection
	GlobalSection(ExtensibilityGlobals) = postSolution
		SolutionGuid = {F2F6839D-2C91-4EC2-989D-0D15CC556DA2}
	EndGlobalSection
EndGlobal
